
Microsoft Visual Studio Solution File, Format Version 12.00
Project("{2150E333-8FDC-42A3-9474-1A3956D46DE8}") = "src", "src", "{54C3DEAC-08A3-4D6C-BB6C-D64290246918}"
EndProject
Project("{2150E333-8FDC-42A3-9474-1A3956D46DE8}") = "test", "test", "{043E312E-A631-4764-B676-6F2FB44A5ACE}"
EndProject
Project("{FAE04EC0-301F-11D3-BF4B-00C04F79EFBC}") = "Aoraki.Events.Contracts", "src\Aoraki.Events.Contracts\Aoraki.Events.Contracts.csproj", "{7C169A98-5C39-4CA8-B13F-32E22F859439}"
EndProject
Project("{FAE04EC0-301F-11D3-BF4B-00C04F79EFBC}") = "Aoraki.Events.Publisher", "src\Aoraki.Events.Publisher\Aoraki.Events.Publisher.csproj", "{5994B543-6B30-4996-97DB-7441FD81C9F1}"
EndProject
Project("{2150E333-8FDC-42A3-9474-1A3956D46DE8}") = "solution items", "solution items", "{7215CD16-C3B9-409B-A699-25B5C61BB2E3}"
	ProjectSection(SolutionItems) = preProject
		.gitignore = .gitignore
		.github\dependabot.yml = .github\dependabot.yml
		.github\workflows\ci.yml = .github\workflows\ci.yml
	EndProjectSection
EndProject
Global
	GlobalSection(SolutionConfigurationPlatforms) = preSolution
		Debug|Any CPU = Debug|Any CPU
		Release|Any CPU = Release|Any CPU
	EndGlobalSection
	GlobalSection(NestedProjects) = preSolution
		{7C169A98-5C39-4CA8-B13F-32E22F859439} = {54C3DEAC-08A3-4D6C-BB6C-D64290246918}
		{5994B543-6B30-4996-97DB-7441FD81C9F1} = {54C3DEAC-08A3-4D6C-BB6C-D64290246918}
	EndGlobalSection
	GlobalSection(ProjectConfigurationPlatforms) = postSolution
		{7C169A98-5C39-4CA8-B13F-32E22F859439}.Debug|Any CPU.ActiveCfg = Debug|Any CPU
		{7C169A98-5C39-4CA8-B13F-32E22F859439}.Debug|Any CPU.Build.0 = Debug|Any CPU
		{7C169A98-5C39-4CA8-B13F-32E22F859439}.Release|Any CPU.ActiveCfg = Release|Any CPU
		{7C169A98-5C39-4CA8-B13F-32E22F859439}.Release|Any CPU.Build.0 = Release|Any CPU
		{5994B543-6B30-4996-97DB-7441FD81C9F1}.Debug|Any CPU.ActiveCfg = Debug|Any CPU
		{5994B543-6B30-4996-97DB-7441FD81C9F1}.Debug|Any CPU.Build.0 = Debug|Any CPU
		{5994B543-6B30-4996-97DB-7441FD81C9F1}.Release|Any CPU.ActiveCfg = Release|Any CPU
		{5994B543-6B30-4996-97DB-7441FD81C9F1}.Release|Any CPU.Build.0 = Release|Any CPU
	EndGlobalSection
EndGlobal
